
Microsoft Visual Studio Solution File, Format Version 12.00
# Visual Studio Version 17
VisualStudioVersion = 17.6.33829.357
MinimumVisualStudioVersion = 10.0.40219.1
Project("{FAE04EC0-301F-11D3-BF4B-00C04F79EFBC}") = "WpfApp1.Test", "WpfApp1.Test\WpfApp1.Test.csproj", "{BE0480CE-8B94-4040-9A8A-E1B3C555B95E}"
EndProject
Global
	GlobalSection(SolutionConfigurationPlatforms) = preSolution
		Debug|Any CPU = Debug|Any CPU
		Release|Any CPU = Release|Any CPU
	EndGlobalSection
	GlobalSection(ProjectConfigurationPlatforms) = postSolution
		{BE0480CE-8B94-4040-9A8A-E1B3C555B95E}.Debug|Any CPU.ActiveCfg = Debug|Any CPU
		{BE0480CE-8B94-4040-9A8A-E1B3C555B95E}.Debug|Any CPU.Build.0 = Debug|Any CPU
		{BE0480CE-8B94-4040-9A8A-E1B3C555B95E}.Release|Any CPU.ActiveCfg = Release|Any CPU
		{BE0480CE-8B94-4040-9A8A-E1B3C555B95E}.Release|Any CPU.Build.0 = Release|Any CPU
	EndGlobalSection
	GlobalSection(SolutionProperties) = preSolution
		HideSolutionNode = FALSE
	EndGlobalSection
	GlobalSection(ExtensibilityGlobals) = postSolution
		SolutionGuid = {D8AF96AD-AFE0-44FA-9279-74A5C9D28A3E}
	EndGlobalSection
EndGlobal
