
Microsoft Visual Studio Solution File, Format Version 12.00
# Visual Studio Version 17
VisualStudioVersion = 17.6.33829.357
MinimumVisualStudioVersion = 10.0.40219.1
Project("{FAE04EC0-301F-11D3-BF4B-00C04F79EFBC}") = "WpfApp2", "WpfApp2\WpfApp2.csproj", "{88E895BE-E199-407D-9C66-95076D4A852B}"
EndProject
Project("{FAE04EC0-301F-11D3-BF4B-00C04F79EFBC}") = "WpfApp2.Test", "WpfApp2.Test\WpfApp2.Test.csproj", "{7AB5A379-932E-4B7F-B939-D207A511A5F3}"
EndProject
Global
	GlobalSection(SolutionConfigurationPlatforms) = preSolution
		Debug|Any CPU = Debug|Any CPU
		Release|Any CPU = Release|Any CPU
	EndGlobalSection
	GlobalSection(ProjectConfigurationPlatforms) = postSolution
		{88E895BE-E199-407D-9C66-95076D4A852B}.Debug|Any CPU.ActiveCfg = Debug|Any CPU
		{88E895BE-E199-407D-9C66-95076D4A852B}.Debug|Any CPU.Build.0 = Debug|Any CPU
		{88E895BE-E199-407D-9C66-95076D4A852B}.Release|Any CPU.ActiveCfg = Release|Any CPU
		{88E895BE-E199-407D-9C66-95076D4A852B}.Release|Any CPU.Build.0 = Release|Any CPU
		{7AB5A379-932E-4B7F-B939-D207A511A5F3}.Debug|Any CPU.ActiveCfg = Debug|Any CPU
		{7AB5A379-932E-4B7F-B939-D207A511A5F3}.Debug|Any CPU.Build.0 = Debug|Any CPU
		{7AB5A379-932E-4B7F-B939-D207A511A5F3}.Release|Any CPU.ActiveCfg = Release|Any CPU
		{7AB5A379-932E-4B7F-B939-D207A511A5F3}.Release|Any CPU.Build.0 = Release|Any CPU
	EndGlobalSection
	GlobalSection(SolutionProperties) = preSolution
		HideSolutionNode = FALSE
	EndGlobalSection
	GlobalSection(ExtensibilityGlobals) = postSolution
		SolutionGuid = {BA27886B-E85F-4D2F-A99F-B8F07B4B4167}
	EndGlobalSection
EndGlobal
